
Microsoft Visual Studio Solution File, Format Version 12.00
# Visual Studio Version 17
VisualStudioVersion = 17.7.34018.315
MinimumVisualStudioVersion = 10.0.40219.1
Project("{9A19103F-16F7-4668-BE54-9A1E7A4F7556}") = "AdventOfCode2023", "AdventOfCode2023\AdventOfCode2023.csproj", "{AF755D8C-222E-4A14-80C8-C4439E93BB50}"
EndProject
Project("{2150E333-8FDC-42A3-9474-1A3956D46DE8}") = "Solution Items", "Solution Items", "{9CC13042-8EEA-499B-8D1B-7A3FB959E39C}"
	ProjectSection(SolutionItems) = preProject
		.editorconfig = .editorconfig
		.gitignore = .gitignore
		README.md = README.md
	EndProjectSection
EndProject
Global
	GlobalSection(SolutionConfigurationPlatforms) = preSolution
		Debug|Any CPU = Debug|Any CPU
		Release|Any CPU = Release|Any CPU
	EndGlobalSection
	GlobalSection(ProjectConfigurationPlatforms) = postSolution
		{AF755D8C-222E-4A14-80C8-C4439E93BB50}.Debug|Any CPU.ActiveCfg = Debug|Any CPU
		{AF755D8C-222E-4A14-80C8-C4439E93BB50}.Debug|Any CPU.Build.0 = Debug|Any CPU
		{AF755D8C-222E-4A14-80C8-C4439E93BB50}.Release|Any CPU.ActiveCfg = Release|Any CPU
		{AF755D8C-222E-4A14-80C8-C4439E93BB50}.Release|Any CPU.Build.0 = Release|Any CPU
	EndGlobalSection
	GlobalSection(SolutionProperties) = preSolution
		HideSolutionNode = FALSE
	EndGlobalSection
	GlobalSection(ExtensibilityGlobals) = postSolution
		SolutionGuid = {0A29C8E6-D345-44DE-8245-CC8BC66AEFEC}
	EndGlobalSection
EndGlobal
